// !$*UTF8*$!
{
	archiveVersion = 1;
	classes = {
	};
	objectVersion = 55;
	objects = {

/* Begin PBXBuildFile section */
		1C5AFC6F2851C452004890C4 /* DisplayEmployeeSnackViewController.swift in Sources */ = {isa = PBXBuildFile; fileRef = 1C5AFC6E2851C452004890C4 /* DisplayEmployeeSnackViewController.swift */; };
		1C5AFC732851CE2F004890C4 /* EmployeeDetailViewController.swift in Sources */ = {isa = PBXBuildFile; fileRef = 1C5AFC722851CE2F004890C4 /* EmployeeDetailViewController.swift */; };
		1C5AFC762851D67F004890C4 /* CustomSnacksTableViewCell.swift in Sources */ = {isa = PBXBuildFile; fileRef = 1C5AFC742851D67F004890C4 /* CustomSnacksTableViewCell.swift */; };
		1C5AFC772851D67F004890C4 /* CustomSnacksTableViewCell.xib in Resources */ = {isa = PBXBuildFile; fileRef = 1C5AFC752851D67F004890C4 /* CustomSnacksTableViewCell.xib */; };
		1C5AFC7B2851F3D2004890C4 /* EmployeeModel.swift in Sources */ = {isa = PBXBuildFile; fileRef = 1C5AFC7A2851F3D2004890C4 /* EmployeeModel.swift */; };
		1C5AFC81285210C0004890C4 /* EnterSnacksViewController.swift in Sources */ = {isa = PBXBuildFile; fileRef = 1C5AFC80285210C0004890C4 /* EnterSnacksViewController.swift */; };
		1C8EF5FE2851BA4D0007B5E7 /* AppDelegate.swift in Sources */ = {isa = PBXBuildFile; fileRef = 1C8EF5FD2851BA4D0007B5E7 /* AppDelegate.swift */; };
		1C8EF6002851BA4D0007B5E7 /* SceneDelegate.swift in Sources */ = {isa = PBXBuildFile; fileRef = 1C8EF5FF2851BA4D0007B5E7 /* SceneDelegate.swift */; };
		1C8EF6022851BA4D0007B5E7 /* AddSnackEmployeeViewController.swift in Sources */ = {isa = PBXBuildFile; fileRef = 1C8EF6012851BA4D0007B5E7 /* AddSnackEmployeeViewController.swift */; };
		1C8EF6052851BA4D0007B5E7 /* Main.storyboard in Resources */ = {isa = PBXBuildFile; fileRef = 1C8EF6032851BA4D0007B5E7 /* Main.storyboard */; };
		1C8EF6072851BA4E0007B5E7 /* Assets.xcassets in Resources */ = {isa = PBXBuildFile; fileRef = 1C8EF6062851BA4E0007B5E7 /* Assets.xcassets */; };
		1C8EF60A2851BA4E0007B5E7 /* LaunchScreen.storyboard in Resources */ = {isa = PBXBuildFile; fileRef = 1C8EF6082851BA4E0007B5E7 /* LaunchScreen.storyboard */; };
/* End PBXBuildFile section */

/* Begin PBXFileReference section */
		1C5AFC6E2851C452004890C4 /* DisplayEmployeeSnackViewController.swift */ = {isa = PBXFileReference; lastKnownFileType = sourcecode.swift; path = DisplayEmployeeSnackViewController.swift; sourceTree = "<group>"; };
		1C5AFC722851CE2F004890C4 /* EmployeeDetailViewController.swift */ = {isa = PBXFileReference; lastKnownFileType = sourcecode.swift; path = EmployeeDetailViewController.swift; sourceTree = "<group>"; };
		1C5AFC742851D67F004890C4 /* CustomSnacksTableViewCell.swift */ = {isa = PBXFileReference; lastKnownFileType = sourcecode.swift; path = CustomSnacksTableViewCell.swift; sourceTree = "<group>"; };
		1C5AFC752851D67F004890C4 /* CustomSnacksTableViewCell.xib */ = {isa = PBXFileReference; lastKnownFileType = file.xib; path = CustomSnacksTableViewCell.xib; sourceTree = "<group>"; };
		1C5AFC7A2851F3D2004890C4 /* EmployeeModel.swift */ = {isa = PBXFileReference; lastKnownFileType = sourcecode.swift; path = EmployeeModel.swift; sourceTree = "<group>"; };
		1C5AFC80285210C0004890C4 /* EnterSnacksViewController.swift */ = {isa = PBXFileReference; lastKnownFileType = sourcecode.swift; path = EnterSnacksViewController.swift; sourceTree = "<group>"; };
		1C8EF5FA2851BA4D0007B5E7 /* PlobalEveningSnacks.app */ = {isa = PBXFileReference; explicitFileType = wrapper.application; includeInIndex = 0; path = PlobalEveningSnacks.app; sourceTree = BUILT_PRODUCTS_DIR; };
		1C8EF5FD2851BA4D0007B5E7 /* AppDelegate.swift */ = {isa = PBXFileReference; lastKnownFileType = sourcecode.swift; path = AppDelegate.swift; sourceTree = "<group>"; };
		1C8EF5FF2851BA4D0007B5E7 /* SceneDelegate.swift */ = {isa = PBXFileReference; lastKnownFileType = sourcecode.swift; path = SceneDelegate.swift; sourceTree = "<group>"; };
		1C8EF6012851BA4D0007B5E7 /* AddSnackEmployeeViewController.swift */ = {isa = PBXFileReference; lastKnownFileType = sourcecode.swift; path = AddSnackEmployeeViewController.swift; sourceTree = "<group>"; };
		1C8EF6042851BA4D0007B5E7 /* Base */ = {isa = PBXFileReference; lastKnownFileType = file.storyboard; name = Base; path = Base.lproj/Main.storyboard; sourceTree = "<group>"; };
		1C8EF6062851BA4E0007B5E7 /* Assets.xcassets */ = {isa = PBXFileReference; lastKnownFileType = folder.assetcatalog; path = Assets.xcassets; sourceTree = "<group>"; };
		1C8EF6092851BA4E0007B5E7 /* Base */ = {isa = PBXFileReference; lastKnownFileType = file.storyboard; name = Base; path = Base.lproj/LaunchScreen.storyboard; sourceTree = "<group>"; };
		1C8EF60B2851BA4E0007B5E7 /* Info.plist */ = {isa = PBXFileReference; lastKnownFileType = text.plist.xml; path = Info.plist; sourceTree = "<group>"; };
/* End PBXFileReference section */

/* Begin PBXFrameworksBuildPhase section */
		1C8EF5F72851BA4D0007B5E7 /* Frameworks */ = {
			isa = PBXFrameworksBuildPhase;
			buildActionMask = 2147483647;
			files = (
			);
			runOnlyForDeploymentPostprocessing = 0;
		};
/* End PBXFrameworksBuildPhase section */

/* Begin PBXGroup section */
		1C5AFC7C2851F8A3004890C4 /* Controller */ = {
			isa = PBXGroup;
			children = (
				1C5AFC80285210C0004890C4 /* EnterSnacksViewController.swift */,
				1C8EF6012851BA4D0007B5E7 /* AddSnackEmployeeViewController.swift */,
				1C5AFC722851CE2F004890C4 /* EmployeeDetailViewController.swift */,
				1C5AFC6E2851C452004890C4 /* DisplayEmployeeSnackViewController.swift */,
			);
			path = Controller;
			sourceTree = "<group>";
		};
		1C5AFC7E2851F8C6004890C4 /* View */ = {
			isa = PBXGroup;
			children = (
				1C8EF6032851BA4D0007B5E7 /* Main.storyboard */,
				1C8EF6082851BA4E0007B5E7 /* LaunchScreen.storyboard */,
			);
			path = View;
			sourceTree = "<group>";
		};
		1C5AFC7F2851F8DD004890C4 /* Model */ = {
			isa = PBXGroup;
			children = (
				1C5AFC7A2851F3D2004890C4 /* EmployeeModel.swift */,
			);
			path = Model;
			sourceTree = "<group>";
		};
		1C8EF5F12851BA4D0007B5E7 = {
			isa = PBXGroup;
			children = (
				1C8EF5FC2851BA4D0007B5E7 /* PlobalEveningSnacks */,
				1C8EF5FB2851BA4D0007B5E7 /* Products */,
			);
			sourceTree = "<group>";
		};
		1C8EF5FB2851BA4D0007B5E7 /* Products */ = {
			isa = PBXGroup;
			children = (
				1C8EF5FA2851BA4D0007B5E7 /* PlobalEveningSnacks.app */,
			);
			name = Products;
			sourceTree = "<group>";
		};
		1C8EF5FC2851BA4D0007B5E7 /* PlobalEveningSnacks */ = {
			isa = PBXGroup;
			children = (
				1C5AFC7F2851F8DD004890C4 /* Model */,
				1C5AFC7E2851F8C6004890C4 /* View */,
				1C5AFC7C2851F8A3004890C4 /* Controller */,
				1C8EF5FD2851BA4D0007B5E7 /* AppDelegate.swift */,
				1C8EF5FF2851BA4D0007B5E7 /* SceneDelegate.swift */,
				1C5AFC742851D67F004890C4 /* CustomSnacksTableViewCell.swift */,
				1C5AFC752851D67F004890C4 /* CustomSnacksTableViewCell.xib */,
				1C8EF6062851BA4E0007B5E7 /* Assets.xcassets */,
				1C8EF60B2851BA4E0007B5E7 /* Info.plist */,
			);
			path = PlobalEveningSnacks;
			sourceTree = "<group>";
		};
/* End PBXGroup section */

/* Begin PBXNativeTarget section */
		1C8EF5F92851BA4D0007B5E7 /* PlobalEveningSnacks */ = {
			isa = PBXNativeTarget;
			buildConfigurationList = 1C8EF60E2851BA4E0007B5E7 /* Build configuration list for PBXNativeTarget "PlobalEveningSnacks" */;
			buildPhases = (
				1C8EF5F62851BA4D0007B5E7 /* Sources */,
				1C8EF5F72851BA4D0007B5E7 /* Frameworks */,
				1C8EF5F82851BA4D0007B5E7 /* Resources */,
			);
			buildRules = (
			);
			dependencies = (
			);
			name = PlobalEveningSnacks;
			productName = DailySnacksRecord;
			productReference = 1C8EF5FA2851BA4D0007B5E7 /* PlobalEveningSnacks.app */;
			productType = "com.apple.product-type.application";
		};
/* End PBXNativeTarget section */

/* Begin PBXProject section */
		1C8EF5F22851BA4D0007B5E7 /* Project object */ = {
			isa = PBXProject;
			attributes = {
				BuildIndependentTargetsInParallel = 1;
				LastSwiftUpdateCheck = 1340;
				LastUpgradeCheck = 1340;
				TargetAttributes = {
					1C8EF5F92851BA4D0007B5E7 = {
						CreatedOnToolsVersion = 13.4.1;
					};
				};
			};
			buildConfigurationList = 1C8EF5F52851BA4D0007B5E7 /* Build configuration list for PBXProject "PlobalEveningSnacks" */;
			compatibilityVersion = "Xcode 13.0";
			developmentRegion = en;
			hasScannedForEncodings = 0;
			knownRegions = (
				en,
				Base,
			);
			mainGroup = 1C8EF5F12851BA4D0007B5E7;
			productRefGroup = 1C8EF5FB2851BA4D0007B5E7 /* Products */;
			projectDirPath = "";
			projectRoot = "";
			targets = (
				1C8EF5F92851BA4D0007B5E7 /* PlobalEveningSnacks */,
			);
		};
/* End PBXProject section */

/* Begin PBXResourcesBuildPhase section */
		1C8EF5F82851BA4D0007B5E7 /* Resources */ = {
			isa = PBXResourcesBuildPhase;
			buildActionMask = 2147483647;
			files = (
				1C8EF60A2851BA4E0007B5E7 /* LaunchScreen.storyboard in Resources */,
				1C8EF6072851BA4E0007B5E7 /* Assets.xcassets in Resources */,
				1C8EF6052851BA4D0007B5E7 /* Main.storyboard in Resources */,
				1C5AFC772851D67F004890C4 /* CustomSnacksTableViewCell.xib in Resources */,
			);
			runOnlyForDeploymentPostprocessing = 0;
		};
/* End PBXResourcesBuildPhase section */

/* Begin PBXSourcesBuildPhase section */
		1C8EF5F62851BA4D0007B5E7 /* Sources */ = {
			isa = PBXSourcesBuildPhase;
			buildActionMask = 2147483647;
			files = (
				1C5AFC7B2851F3D2004890C4 /* EmployeeModel.swift in Sources */,
				1C5AFC6F2851C452004890C4 /* DisplayEmployeeSnackViewController.swift in Sources */,
				1C5AFC81285210C0004890C4 /* EnterSnacksViewController.swift in Sources */,
				1C8EF6022851BA4D0007B5E7 /* AddSnackEmployeeViewController.swift in Sources */,
				1C8EF5FE2851BA4D0007B5E7 /* AppDelegate.swift in Sources */,
				1C8EF6002851BA4D0007B5E7 /* SceneDelegate.swift in Sources */,
				1C5AFC732851CE2F004890C4 /* EmployeeDetailViewController.swift in Sources */,
				1C5AFC762851D67F004890C4 /* CustomSnacksTableViewCell.swift in Sources */,
			);
			runOnlyForDeploymentPostprocessing = 0;
		};
/* End PBXSourcesBuildPhase section */

/* Begin PBXVariantGroup section */
		1C8EF6032851BA4D0007B5E7 /* Main.storyboard */ = {
			isa = PBXVariantGroup;
			children = (
				1C8EF6042851BA4D0007B5E7 /* Base */,
			);
			name = Main.storyboard;
			sourceTree = "<group>";
		};
		1C8EF6082851BA4E0007B5E7 /* LaunchScreen.storyboard */ = {
			isa = PBXVariantGroup;
			children = (
				1C8EF6092851BA4E0007B5E7 /* Base */,
			);
			name = LaunchScreen.storyboard;
			sourceTree = "<group>";
		};
/* End PBXVariantGroup section */

/* Begin XCBuildConfiguration section */
		1C8EF60C2851BA4E0007B5E7 /* Debug */ = {
			isa = XCBuildConfiguration;
			buildSettings = {
				ALWAYS_SEARCH_USER_PATHS = NO;
				CLANG_ANALYZER_NONNULL = YES;
				CLANG_ANALYZER_NUMBER_OBJECT_CONVERSION = YES_AGGRESSIVE;
				CLANG_CXX_LANGUAGE_STANDARD = "gnu++17";
				CLANG_ENABLE_MODULES = YES;
				CLANG_ENABLE_OBJC_ARC = YES;
				CLANG_ENABLE_OBJC_WEAK = YES;
				CLANG_WARN_BLOCK_CAPTURE_AUTORELEASING = YES;
				CLANG_WARN_BOOL_CONVERSION = YES;
				CLANG_WARN_COMMA = YES;
				CLANG_WARN_CONSTANT_CONVERSION = YES;
				CLANG_WARN_DEPRECATED_OBJC_IMPLEMENTATIONS = YES;
				CLANG_WARN_DIRECT_OBJC_ISA_USAGE = YES_ERROR;
				CLANG_WARN_DOCUMENTATION_COMMENTS = YES;
				CLANG_WARN_EMPTY_BODY = YES;
				CLANG_WARN_ENUM_CONVERSION = YES;
				CLANG_WARN_INFINITE_RECURSION = YES;
				CLANG_WARN_INT_CONVERSION = YES;
				CLANG_WARN_NON_LITERAL_NULL_CONVERSION = YES;
				CLANG_WARN_OBJC_IMPLICIT_RETAIN_SELF = YES;
				CLANG_WARN_OBJC_LITERAL_CONVERSION = YES;
				CLANG_WARN_OBJC_ROOT_CLASS = YES_ERROR;
				CLANG_WARN_QUOTED_INCLUDE_IN_FRAMEWORK_HEADER = YES;
				CLANG_WARN_RANGE_LOOP_ANALYSIS = YES;
				CLANG_WARN_STRICT_PROTOTYPES = YES;
				CLANG_WARN_SUSPICIOUS_MOVE = YES;
				CLANG_WARN_UNGUARDED_AVAILABILITY = YES_AGGRESSIVE;
				CLANG_WARN_UNREACHABLE_CODE = YES;
				CLANG_WARN__DUPLICATE_METHOD_MATCH = YES;
				COPY_PHASE_STRIP = NO;
				DEBUG_INFORMATION_FORMAT = dwarf;
				ENABLE_STRICT_OBJC_MSGSEND = YES;
				ENABLE_TESTABILITY = YES;
				GCC_C_LANGUAGE_STANDARD = gnu11;
				GCC_DYNAMIC_NO_PIC = NO;
				GCC_NO_COMMON_BLOCKS = YES;
				GCC_OPTIMIZATION_LEVEL = 0;
				GCC_PREPROCESSOR_DEFINITIONS = (
					"DEBUG=1",
					"$(inherited)",
				);
				GCC_WARN_64_TO_32_BIT_CONVERSION = YES;
				GCC_WARN_ABOUT_RETURN_TYPE = YES_ERROR;
				GCC_WARN_UNDECLARED_SELECTOR = YES;
				GCC_WARN_UNINITIALIZED_AUTOS = YES_AGGRESSIVE;
				GCC_WARN_UNUSED_FUNCTION = YES;
				GCC_WARN_UNUSED_VARIABLE = YES;
				IPHONEOS_DEPLOYMENT_TARGET = 15.5;
				MTL_ENABLE_DEBUG_INFO = INCLUDE_SOURCE;
				MTL_FAST_MATH = YES;
				ONLY_ACTIVE_ARCH = YES;
				SDKROOT = iphoneos;
				SWIFT_ACTIVE_COMPILATION_CONDITIONS = DEBUG;
				SWIFT_OPTIMIZATION_LEVEL = "-Onone";
			};
			name = Debug;
		};
		1C8EF60D2851BA4E0007B5E7 /* Release */ = {
			isa = XCBuildConfiguration;
			buildSettings = {
				ALWAYS_SEARCH_USER_PATHS = NO;
				CLANG_ANALYZER_NONNULL = YES;
				CLANG_ANALYZER_NUMBER_OBJECT_CONVERSION = YES_AGGRESSIVE;
				CLANG_CXX_LANGUAGE_STANDARD = "gnu++17";
				CLANG_ENABLE_MODULES = YES;
				CLANG_ENABLE_OBJC_ARC = YES;
				CLANG_ENABLE_OBJC_WEAK = YES;
				CLANG_WARN_BLOCK_CAPTURE_AUTORELEASING = YES;
				CLANG_WARN_BOOL_CONVERSION = YES;
				CLANG_WARN_COMMA = YES;
				CLANG_WARN_CONSTANT_CONVERSION = YES;
				CLANG_WARN_DEPRECATED_OBJC_IMPLEMENTATIONS = YES;
				CLANG_WARN_DIRECT_OBJC_ISA_USAGE = YES_ERROR;
				CLANG_WARN_DOCUMENTATION_COMMENTS = YES;
				CLANG_WARN_EMPTY_BODY = YES;
				CLANG_WARN_ENUM_CONVERSION = YES;
				CLANG_WARN_INFINITE_RECURSION = YES;
				CLANG_WARN_INT_CONVERSION = YES;
				CLANG_WARN_NON_LITERAL_NULL_CONVERSION = YES;
				CLANG_WARN_OBJC_IMPLICIT_RETAIN_SELF = YES;
				CLANG_WARN_OBJC_LITERAL_CONVERSION = YES;
				CLANG_WARN_OBJC_ROOT_CLASS = YES_ERROR;
				CLANG_WARN_QUOTED_INCLUDE_IN_FRAMEWORK_HEADER = YES;
				CLANG_WARN_RANGE_LOOP_ANALYSIS = YES;
				CLANG_WARN_STRICT_PROTOTYPES = YES;
				CLANG_WARN_SUSPICIOUS_MOVE = YES;
				CLANG_WARN_UNGUARDED_AVAILABILITY = YES_AGGRESSIVE;
				CLANG_WARN_UNREACHABLE_CODE = YES;
				CLANG_WARN__DUPLICATE_METHOD_MATCH = YES;
				COPY_PHASE_STRIP = NO;
				DEBUG_INFORMATION_FORMAT = "dwarf-with-dsym";
				ENABLE_NS_ASSERTIONS = NO;
				ENABLE_STRICT_OBJC_MSGSEND = YES;
				GCC_C_LANGUAGE_STANDARD = gnu11;
				GCC_NO_COMMON_BLOCKS = YES;
				GCC_WARN_64_TO_32_BIT_CONVERSION = YES;
				GCC_WARN_ABOUT_RETURN_TYPE = YES_ERROR;
				GCC_WARN_UNDECLARED_SELECTOR = YES;
				GCC_WARN_UNINITIALIZED_AUTOS = YES_AGGRESSIVE;
				GCC_WARN_UNUSED_FUNCTION = YES;
				GCC_WARN_UNUSED_VARIABLE = YES;
				IPHONEOS_DEPLOYMENT_TARGET = 15.5;
				MTL_ENABLE_DEBUG_INFO = NO;
				MTL_FAST_MATH = YES;
				SDKROOT = iphoneos;
				SWIFT_COMPILATION_MODE = wholemodule;
				SWIFT_OPTIMIZATION_LEVEL = "-O";
				VALIDATE_PRODUCT = YES;
			};
			name = Release;
		};
		1C8EF60F2851BA4E0007B5E7 /* Debug */ = {
			isa = XCBuildConfiguration;
			buildSettings = {
				ASSETCATALOG_COMPILER_APPICON_NAME = AppIcon;
				ASSETCATALOG_COMPILER_GLOBAL_ACCENT_COLOR_NAME = AccentColor;
				CODE_SIGN_STYLE = Automatic;
				CURRENT_PROJECT_VERSION = 1;
				GENERATE_INFOPLIST_FILE = YES;
				INFOPLIST_FILE = PlobalEveningSnacks/Info.plist;
				INFOPLIST_KEY_UIApplicationSupportsIndirectInputEvents = YES;
				INFOPLIST_KEY_UILaunchStoryboardName = LaunchScreen;
				INFOPLIST_KEY_UIMainStoryboardFile = Main;
				INFOPLIST_KEY_UISupportedInterfaceOrientations_iPad = "UIInterfaceOrientationPortrait UIInterfaceOrientationPortraitUpsideDown UIInterfaceOrientationLandscapeLeft UIInterfaceOrientationLandscapeRight";
				INFOPLIST_KEY_UISupportedInterfaceOrientations_iPhone = "UIInterfaceOrientationPortrait UIInterfaceOrientationLandscapeLeft UIInterfaceOrientationLandscapeRight";
				LD_RUNPATH_SEARCH_PATHS = (
					"$(inherited)",
					"@executable_path/Frameworks",
				);
				MARKETING_VERSION = 1.0;
				PRODUCT_BUNDLE_IDENTIFIER = prathamesh.com.PlobalEveningSnacks;
				PRODUCT_NAME = "$(TARGET_NAME)";
				SWIFT_EMIT_LOC_STRINGS = YES;
				SWIFT_VERSION = 5.0;
				TARGETED_DEVICE_FAMILY = "1,2";
			};
			name = Debug;
		};
		1C8EF6102851BA4E0007B5E7 /* Release */ = {
			isa = XCBuildConfiguration;
			buildSettings = {
				ASSETCATALOG_COMPILER_APPICON_NAME = AppIcon;
				ASSETCATALOG_COMPILER_GLOBAL_ACCENT_COLOR_NAME = AccentColor;
				CODE_SIGN_STYLE = Automatic;
				CURRENT_PROJECT_VERSION = 1;
				GENERATE_INFOPLIST_FILE = YES;
				INFOPLIST_FILE = PlobalEveningSnacks/Info.plist;
				INFOPLIST_KEY_UIApplicationSupportsIndirectInputEvents = YES;
				INFOPLIST_KEY_UILaunchStoryboardName = LaunchScreen;
				INFOPLIST_KEY_UIMainStoryboardFile = Main;
				INFOPLIST_KEY_UISupportedInterfaceOrientations_iPad = "UIInterfaceOrientationPortrait UIInterfaceOrientationPortraitUpsideDown UIInterfaceOrientationLandscapeLeft UIInterfaceOrientationLandscapeRight";
				INFOPLIST_KEY_UISupportedInterfaceOrientations_iPhone = "UIInterfaceOrientationPortrait UIInterfaceOrientationLandscapeLeft UIInterfaceOrientationLandscapeRight";
				LD_RUNPATH_SEARCH_PATHS = (
					"$(inherited)",
					"@executable_path/Frameworks",
				);
				MARKETING_VERSION = 1.0;
				PRODUCT_BUNDLE_IDENTIFIER = prathamesh.com.PlobalEveningSnacks;
				PRODUCT_NAME = "$(TARGET_NAME)";
				SWIFT_EMIT_LOC_STRINGS = YES;
				SWIFT_VERSION = 5.0;
				TARGETED_DEVICE_FAMILY = "1,2";
			};
			name = Release;
		};
/* End XCBuildConfiguration section */

/* Begin XCConfigurationList section */
		1C8EF5F52851BA4D0007B5E7 /* Build configuration list for PBXProject "PlobalEveningSnacks" */ = {
			isa = XCConfigurationList;
			buildConfigurations = (
				1C8EF60C2851BA4E0007B5E7 /* Debug */,
				1C8EF60D2851BA4E0007B5E7 /* Release */,
			);
			defaultConfigurationIsVisible = 0;
			defaultConfigurationName = Release;
		};
		1C8EF60E2851BA4E0007B5E7 /* Build configuration list for PBXNativeTarget "PlobalEveningSnacks" */ = {
			isa = XCConfigurationList;
			buildConfigurations = (
				1C8EF60F2851BA4E0007B5E7 /* Debug */,
				1C8EF6102851BA4E0007B5E7 /* Release */,
			);
			defaultConfigurationIsVisible = 0;
			defaultConfigurationName = Release;
		};
/* End XCConfigurationList section */
	};
	rootObject = 1C8EF5F22851BA4D0007B5E7 /* Project object */;
}
